// !$*UTF8*$!
{
	archiveVersion = 1;
	classes = {
	};
	objectVersion = 56;
	objects = {

/* Begin PBXBuildFile section */
		2B08EAB82C9AD2C400A593E3 /* AppDelegate.swift in Sources */ = {isa = PBXBuildFile; fileRef = 2B08EAB72C9AD2C400A593E3 /* AppDelegate.swift */; };
		2B08EABA2C9AD2C400A593E3 /* SceneDelegate.swift in Sources */ = {isa = PBXBuildFile; fileRef = 2B08EAB92C9AD2C400A593E3 /* SceneDelegate.swift */; };
		2B08EABC2C9AD2C400A593E3 /* ViewController.swift in Sources */ = {isa = PBXBuildFile; fileRef = 2B08EABB2C9AD2C400A593E3 /* ViewController.swift */; };
		2B08EABF2C9AD2C400A593E3 /* Base in Resources */ = {isa = PBXBuildFile; fileRef = 2B08EABE2C9AD2C400A593E3 /* Base */; };
		2B08EAC12C9AD2C600A593E3 /* Assets.xcassets in Resources */ = {isa = PBXBuildFile; fileRef = 2B08EAC02C9AD2C600A593E3 /* Assets.xcassets */; };
		2B08EAC42C9AD2C600A593E3 /* Base in Resources */ = {isa = PBXBuildFile; fileRef = 2B08EAC32C9AD2C600A593E3 /* Base */; };
		2B08EACC2C9AD98D00A593E3 /* PencilController.swift in Sources */ = {isa = PBXBuildFile; fileRef = 2B08EACB2C9AD98D00A593E3 /* PencilController.swift */; };
		2B580B0E2CA6F669003FF5D0 /* ImageAnnotation.swift in Sources */ = {isa = PBXBuildFile; fileRef = 2B580B0D2CA6F648003FF5D0 /* ImageAnnotation.swift */; };
		2BC5346D2C9B9E97000FD5F1 /* iCloudController.swift in Sources */ = {isa = PBXBuildFile; fileRef = 2BC5346C2C9B9E97000FD5F1 /* iCloudController.swift */; };
		2BC5346F2C9C17B9000FD5F1 /* DocumentManager.swift in Sources */ = {isa = PBXBuildFile; fileRef = 2BC5346E2C9C17B9000FD5F1 /* DocumentManager.swift */; };
		2BE9702D2CAC3A9E007F83C3 /* somePDFv101.pdf in Resources */ = {isa = PBXBuildFile; fileRef = 2BE9702C2CAC3A9E007F83C3 /* somePDFv101.pdf */; };
/* End PBXBuildFile section */

/* Begin PBXFileReference section */
		2B08EAB42C9AD2C400A593E3 /* pdfsignature.app */ = {isa = PBXFileReference; explicitFileType = wrapper.application; includeInIndex = 0; path = pdfsignature.app; sourceTree = BUILT_PRODUCTS_DIR; };
		2B08EAB72C9AD2C400A593E3 /* AppDelegate.swift */ = {isa = PBXFileReference; lastKnownFileType = sourcecode.swift; path = AppDelegate.swift; sourceTree = "<group>"; };
		2B08EAB92C9AD2C400A593E3 /* SceneDelegate.swift */ = {isa = PBXFileReference; lastKnownFileType = sourcecode.swift; path = SceneDelegate.swift; sourceTree = "<group>"; };
		2B08EABB2C9AD2C400A593E3 /* ViewController.swift */ = {isa = PBXFileReference; lastKnownFileType = sourcecode.swift; path = ViewController.swift; sourceTree = "<group>"; };
		2B08EABE2C9AD2C400A593E3 /* Base */ = {isa = PBXFileReference; lastKnownFileType = file.storyboard; name = Base; path = Base.lproj/Main.storyboard; sourceTree = "<group>"; };
		2B08EAC02C9AD2C600A593E3 /* Assets.xcassets */ = {isa = PBXFileReference; lastKnownFileType = folder.assetcatalog; path = Assets.xcassets; sourceTree = "<group>"; };
		2B08EAC32C9AD2C600A593E3 /* Base */ = {isa = PBXFileReference; lastKnownFileType = file.storyboard; name = Base; path = Base.lproj/LaunchScreen.storyboard; sourceTree = "<group>"; };
		2B08EAC52C9AD2C600A593E3 /* Info.plist */ = {isa = PBXFileReference; lastKnownFileType = text.plist.xml; path = Info.plist; sourceTree = "<group>"; };
		2B08EACB2C9AD98D00A593E3 /* PencilController.swift */ = {isa = PBXFileReference; lastKnownFileType = sourcecode.swift; path = PencilController.swift; sourceTree = "<group>"; };
		2B580B0D2CA6F648003FF5D0 /* ImageAnnotation.swift */ = {isa = PBXFileReference; lastKnownFileType = sourcecode.swift; path = ImageAnnotation.swift; sourceTree = "<group>"; };
		2BC5346C2C9B9E97000FD5F1 /* iCloudController.swift */ = {isa = PBXFileReference; lastKnownFileType = sourcecode.swift; path = iCloudController.swift; sourceTree = "<group>"; };
		2BC5346E2C9C17B9000FD5F1 /* DocumentManager.swift */ = {isa = PBXFileReference; lastKnownFileType = sourcecode.swift; path = DocumentManager.swift; sourceTree = "<group>"; };
		2BE9702C2CAC3A9E007F83C3 /* somePDFv101.pdf */ = {isa = PBXFileReference; lastKnownFileType = image.pdf; path = somePDFv101.pdf; sourceTree = "<group>"; };
/* End PBXFileReference section */

/* Begin PBXFrameworksBuildPhase section */
		2B08EAB12C9AD2C400A593E3 /* Frameworks */ = {
			isa = PBXFrameworksBuildPhase;
			buildActionMask = 2147483647;
			files = (
			);
			runOnlyForDeploymentPostprocessing = 0;
		};
/* End PBXFrameworksBuildPhase section */

/* Begin PBXGroup section */
		2B08EAAB2C9AD2C400A593E3 = {
			isa = PBXGroup;
			children = (
				2B08EAB62C9AD2C400A593E3 /* pdfsignature */,
				2B08EAB52C9AD2C400A593E3 /* Products */,
			);
			sourceTree = "<group>";
		};
		2B08EAB52C9AD2C400A593E3 /* Products */ = {
			isa = PBXGroup;
			children = (
				2B08EAB42C9AD2C400A593E3 /* pdfsignature.app */,
			);
			name = Products;
			sourceTree = "<group>";
		};
		2B08EAB62C9AD2C400A593E3 /* pdfsignature */ = {
			isa = PBXGroup;
			children = (
				2B08EAB72C9AD2C400A593E3 /* AppDelegate.swift */,
				2B08EAB92C9AD2C400A593E3 /* SceneDelegate.swift */,
				2B08EACB2C9AD98D00A593E3 /* PencilController.swift */,
				2BC5346C2C9B9E97000FD5F1 /* iCloudController.swift */,
				2B08EABB2C9AD2C400A593E3 /* ViewController.swift */,
				2B580B0D2CA6F648003FF5D0 /* ImageAnnotation.swift */,
				2BC5346E2C9C17B9000FD5F1 /* DocumentManager.swift */,
				2B08EABD2C9AD2C400A593E3 /* Main.storyboard */,
				2B08EAC02C9AD2C600A593E3 /* Assets.xcassets */,
				2B08EAC22C9AD2C600A593E3 /* LaunchScreen.storyboard */,
				2B08EAC52C9AD2C600A593E3 /* Info.plist */,
				2BE9702C2CAC3A9E007F83C3 /* somePDFv101.pdf */,
			);
			path = pdfsignature;
			sourceTree = "<group>";
		};
/* End PBXGroup section */

/* Begin PBXNativeTarget section */
		2B08EAB32C9AD2C400A593E3 /* pdfsignature */ = {
			isa = PBXNativeTarget;
			buildConfigurationList = 2B08EAC82C9AD2C600A593E3 /* Build configuration list for PBXNativeTarget "pdfsignature" */;
			buildPhases = (
				2B08EAB02C9AD2C400A593E3 /* Sources */,
				2B08EAB12C9AD2C400A593E3 /* Frameworks */,
				2B08EAB22C9AD2C400A593E3 /* Resources */,
			);
			buildRules = (
			);
			dependencies = (
			);
			name = pdfsignature;
			productName = pdfsignature;
			productReference = 2B08EAB42C9AD2C400A593E3 /* pdfsignature.app */;
			productType = "com.apple.product-type.application";
		};
/* End PBXNativeTarget section */

/* Begin PBXProject section */
		2B08EAAC2C9AD2C400A593E3 /* Project object */ = {
			isa = PBXProject;
			attributes = {
				BuildIndependentTargetsInParallel = 1;
				LastSwiftUpdateCheck = 1530;
				LastUpgradeCheck = 1530;
				TargetAttributes = {
					2B08EAB32C9AD2C400A593E3 = {
						CreatedOnToolsVersion = 15.3;
					};
				};
			};
			buildConfigurationList = 2B08EAAF2C9AD2C400A593E3 /* Build configuration list for PBXProject "pdfsignature" */;
			compatibilityVersion = "Xcode 14.0";
			developmentRegion = en;
			hasScannedForEncodings = 0;
			knownRegions = (
				en,
				Base,
			);
			mainGroup = 2B08EAAB2C9AD2C400A593E3;
			productRefGroup = 2B08EAB52C9AD2C400A593E3 /* Products */;
			projectDirPath = "";
			projectRoot = "";
			targets = (
				2B08EAB32C9AD2C400A593E3 /* pdfsignature */,
			);
		};
/* End PBXProject section */

/* Begin PBXResourcesBuildPhase section */
		2B08EAB22C9AD2C400A593E3 /* Resources */ = {
			isa = PBXResourcesBuildPhase;
			buildActionMask = 2147483647;
			files = (
				2B08EAC12C9AD2C600A593E3 /* Assets.xcassets in Resources */,
				2BE9702D2CAC3A9E007F83C3 /* somePDFv101.pdf in Resources */,
				2B08EAC42C9AD2C600A593E3 /* Base in Resources */,
				2B08EABF2C9AD2C400A593E3 /* Base in Resources */,
			);
			runOnlyForDeploymentPostprocessing = 0;
		};
/* End PBXResourcesBuildPhase section */

/* Begin PBXSourcesBuildPhase section */
		2B08EAB02C9AD2C400A593E3 /* Sources */ = {
			isa = PBXSourcesBuildPhase;
			buildActionMask = 2147483647;
			files = (
				2BC5346D2C9B9E97000FD5F1 /* iCloudController.swift in Sources */,
				2B08EACC2C9AD98D00A593E3 /* PencilController.swift in Sources */,
				2BC5346F2C9C17B9000FD5F1 /* DocumentManager.swift in Sources */,
				2B08EABC2C9AD2C400A593E3 /* ViewController.swift in Sources */,
				2B08EAB82C9AD2C400A593E3 /* AppDelegate.swift in Sources */,
				2B580B0E2CA6F669003FF5D0 /* ImageAnnotation.swift in Sources */,
				2B08EABA2C9AD2C400A593E3 /* SceneDelegate.swift in Sources */,
			);
			runOnlyForDeploymentPostprocessing = 0;
		};
/* End PBXSourcesBuildPhase section */

/* Begin PBXVariantGroup section */
		2B08EABD2C9AD2C400A593E3 /* Main.storyboard */ = {
			isa = PBXVariantGroup;
			children = (
				2B08EABE2C9AD2C400A593E3 /* Base */,
			);
			name = Main.storyboard;
			sourceTree = "<group>";
		};
		2B08EAC22C9AD2C600A593E3 /* LaunchScreen.storyboard */ = {
			isa = PBXVariantGroup;
			children = (
				2B08EAC32C9AD2C600A593E3 /* Base */,
			);
			name = LaunchScreen.storyboard;
			sourceTree = "<group>";
		};
/* End PBXVariantGroup section */

/* Begin XCBuildConfiguration section */
		2B08EAC62C9AD2C600A593E3 /* Debug */ = {
			isa = XCBuildConfiguration;
			buildSettings = {
				ALWAYS_SEARCH_USER_PATHS = NO;
				ASSETCATALOG_COMPILER_GENERATE_SWIFT_ASSET_SYMBOL_EXTENSIONS = YES;
				CLANG_ANALYZER_NONNULL = YES;
				CLANG_ANALYZER_NUMBER_OBJECT_CONVERSION = YES_AGGRESSIVE;
				CLANG_CXX_LANGUAGE_STANDARD = "gnu++20";
				CLANG_ENABLE_MODULES = YES;
				CLANG_ENABLE_OBJC_ARC = YES;
				CLANG_ENABLE_OBJC_WEAK = YES;
				CLANG_WARN_BLOCK_CAPTURE_AUTORELEASING = YES;
				CLANG_WARN_BOOL_CONVERSION = YES;
				CLANG_WARN_COMMA = YES;
				CLANG_WARN_CONSTANT_CONVERSION = YES;
				CLANG_WARN_DEPRECATED_OBJC_IMPLEMENTATIONS = YES;
				CLANG_WARN_DIRECT_OBJC_ISA_USAGE = YES_ERROR;
				CLANG_WARN_DOCUMENTATION_COMMENTS = YES;
				CLANG_WARN_EMPTY_BODY = YES;
				CLANG_WARN_ENUM_CONVERSION = YES;
				CLANG_WARN_INFINITE_RECURSION = YES;
				CLANG_WARN_INT_CONVERSION = YES;
				CLANG_WARN_NON_LITERAL_NULL_CONVERSION = YES;
				CLANG_WARN_OBJC_IMPLICIT_RETAIN_SELF = YES;
				CLANG_WARN_OBJC_LITERAL_CONVERSION = YES;
				CLANG_WARN_OBJC_ROOT_CLASS = YES_ERROR;
				CLANG_WARN_QUOTED_INCLUDE_IN_FRAMEWORK_HEADER = YES;
				CLANG_WARN_RANGE_LOOP_ANALYSIS = YES;
				CLANG_WARN_STRICT_PROTOTYPES = YES;
				CLANG_WARN_SUSPICIOUS_MOVE = YES;
				CLANG_WARN_UNGUARDED_AVAILABILITY = YES_AGGRESSIVE;
				CLANG_WARN_UNREACHABLE_CODE = YES;
				CLANG_WARN__DUPLICATE_METHOD_MATCH = YES;
				COPY_PHASE_STRIP = NO;
				DEBUG_INFORMATION_FORMAT = dwarf;
				ENABLE_STRICT_OBJC_MSGSEND = YES;
				ENABLE_TESTABILITY = YES;
				ENABLE_USER_SCRIPT_SANDBOXING = YES;
				GCC_C_LANGUAGE_STANDARD = gnu17;
				GCC_DYNAMIC_NO_PIC = NO;
				GCC_NO_COMMON_BLOCKS = YES;
				GCC_OPTIMIZATION_LEVEL = 0;
				GCC_PREPROCESSOR_DEFINITIONS = (
					"DEBUG=1",
					"$(inherited)",
				);
				GCC_WARN_64_TO_32_BIT_CONVERSION = YES;
				GCC_WARN_ABOUT_RETURN_TYPE = YES_ERROR;
				GCC_WARN_UNDECLARED_SELECTOR = YES;
				GCC_WARN_UNINITIALIZED_AUTOS = YES_AGGRESSIVE;
				GCC_WARN_UNUSED_FUNCTION = YES;
				GCC_WARN_UNUSED_VARIABLE = YES;
				IPHONEOS_DEPLOYMENT_TARGET = 14.0;
				LOCALIZATION_PREFERS_STRING_CATALOGS = YES;
				MTL_ENABLE_DEBUG_INFO = INCLUDE_SOURCE;
				MTL_FAST_MATH = YES;
				ONLY_ACTIVE_ARCH = YES;
				SDKROOT = iphoneos;
				SWIFT_ACTIVE_COMPILATION_CONDITIONS = "DEBUG $(inherited)";
				SWIFT_OPTIMIZATION_LEVEL = "-Onone";
			};
			name = Debug;
		};
		2B08EAC72C9AD2C600A593E3 /* Release */ = {
			isa = XCBuildConfiguration;
			buildSettings = {
				ALWAYS_SEARCH_USER_PATHS = NO;
				ASSETCATALOG_COMPILER_GENERATE_SWIFT_ASSET_SYMBOL_EXTENSIONS = YES;
				CLANG_ANALYZER_NONNULL = YES;
				CLANG_ANALYZER_NUMBER_OBJECT_CONVERSION = YES_AGGRESSIVE;
				CLANG_CXX_LANGUAGE_STANDARD = "gnu++20";
				CLANG_ENABLE_MODULES = YES;
				CLANG_ENABLE_OBJC_ARC = YES;
				CLANG_ENABLE_OBJC_WEAK = YES;
				CLANG_WARN_BLOCK_CAPTURE_AUTORELEASING = YES;
				CLANG_WARN_BOOL_CONVERSION = YES;
				CLANG_WARN_COMMA = YES;
				CLANG_WARN_CONSTANT_CONVERSION = YES;
				CLANG_WARN_DEPRECATED_OBJC_IMPLEMENTATIONS = YES;
				CLANG_WARN_DIRECT_OBJC_ISA_USAGE = YES_ERROR;
				CLANG_WARN_DOCUMENTATION_COMMENTS = YES;
				CLANG_WARN_EMPTY_BODY = YES;
				CLANG_WARN_ENUM_CONVERSION = YES;
				CLANG_WARN_INFINITE_RECURSION = YES;
				CLANG_WARN_INT_CONVERSION = YES;
				CLANG_WARN_NON_LITERAL_NULL_CONVERSION = YES;
				CLANG_WARN_OBJC_IMPLICIT_RETAIN_SELF = YES;
				CLANG_WARN_OBJC_LITERAL_CONVERSION = YES;
				CLANG_WARN_OBJC_ROOT_CLASS = YES_ERROR;
				CLANG_WARN_QUOTED_INCLUDE_IN_FRAMEWORK_HEADER = YES;
				CLANG_WARN_RANGE_LOOP_ANALYSIS = YES;
				CLANG_WARN_STRICT_PROTOTYPES = YES;
				CLANG_WARN_SUSPICIOUS_MOVE = YES;
				CLANG_WARN_UNGUARDED_AVAILABILITY = YES_AGGRESSIVE;
				CLANG_WARN_UNREACHABLE_CODE = YES;
				CLANG_WARN__DUPLICATE_METHOD_MATCH = YES;
				COPY_PHASE_STRIP = NO;
				DEBUG_INFORMATION_FORMAT = "dwarf-with-dsym";
				ENABLE_NS_ASSERTIONS = NO;
				ENABLE_STRICT_OBJC_MSGSEND = YES;
				ENABLE_USER_SCRIPT_SANDBOXING = YES;
				GCC_C_LANGUAGE_STANDARD = gnu17;
				GCC_NO_COMMON_BLOCKS = YES;
				GCC_WARN_64_TO_32_BIT_CONVERSION = YES;
				GCC_WARN_ABOUT_RETURN_TYPE = YES_ERROR;
				GCC_WARN_UNDECLARED_SELECTOR = YES;
				GCC_WARN_UNINITIALIZED_AUTOS = YES_AGGRESSIVE;
				GCC_WARN_UNUSED_FUNCTION = YES;
				GCC_WARN_UNUSED_VARIABLE = YES;
				IPHONEOS_DEPLOYMENT_TARGET = 14.0;
				LOCALIZATION_PREFERS_STRING_CATALOGS = YES;
				MTL_ENABLE_DEBUG_INFO = NO;
				MTL_FAST_MATH = YES;
				SDKROOT = iphoneos;
				SWIFT_COMPILATION_MODE = wholemodule;
				VALIDATE_PRODUCT = YES;
			};
			name = Release;
		};
		2B08EAC92C9AD2C600A593E3 /* Debug */ = {
			isa = XCBuildConfiguration;
			buildSettings = {
				ASSETCATALOG_COMPILER_APPICON_NAME = AppIcon;
				ASSETCATALOG_COMPILER_GLOBAL_ACCENT_COLOR_NAME = AccentColor;
				CODE_SIGN_STYLE = Automatic;
				CURRENT_PROJECT_VERSION = 1.0.3;
				DEVELOPMENT_TEAM = 637JS3JU7M;
				GENERATE_INFOPLIST_FILE = YES;
				INFOPLIST_FILE = pdfsignature/Info.plist;
				INFOPLIST_KEY_CFBundleDisplayName = "QuickFill PDF";
				INFOPLIST_KEY_LSApplicationCategoryType = "public.app-category.business";
				INFOPLIST_KEY_NSPhotoLibraryAddUsageDescription = "This app needs access to your photo library to save screenshots.";
				INFOPLIST_KEY_UIApplicationSupportsIndirectInputEvents = YES;
				INFOPLIST_KEY_UILaunchStoryboardName = LaunchScreen;
				INFOPLIST_KEY_UIMainStoryboardFile = Main;
				INFOPLIST_KEY_UIRequiresFullScreen = YES;
				INFOPLIST_KEY_UISupportedInterfaceOrientations = "UIInterfaceOrientationPortrait UIInterfaceOrientationPortraitUpsideDown";
				IPHONEOS_DEPLOYMENT_TARGET = 14.0;
				LD_RUNPATH_SEARCH_PATHS = (
					"$(inherited)",
					"@executable_path/Frameworks",
				);
				MARKETING_VERSION = 1.0.3;
				PRODUCT_BUNDLE_IDENTIFIER = com.yumiya.pdfsignature;
				PRODUCT_NAME = "$(TARGET_NAME)";
				SWIFT_EMIT_LOC_STRINGS = YES;
				SWIFT_VERSION = 5.0;
				TARGETED_DEVICE_FAMILY = "1,2";
			};
			name = Debug;
		};
		2B08EACA2C9AD2C600A593E3 /* Release */ = {
			isa = XCBuildConfiguration;
			buildSettings = {
				ASSETCATALOG_COMPILER_APPICON_NAME = AppIcon;
				ASSETCATALOG_COMPILER_GLOBAL_ACCENT_COLOR_NAME = AccentColor;
				CODE_SIGN_STYLE = Automatic;
				CURRENT_PROJECT_VERSION = 1.0.3;
				DEVELOPMENT_TEAM = 637JS3JU7M;
				GENERATE_INFOPLIST_FILE = YES;
				INFOPLIST_FILE = pdfsignature/Info.plist;
				INFOPLIST_KEY_CFBundleDisplayName = "QuickFill PDF";
				INFOPLIST_KEY_LSApplicationCategoryType = "public.app-category.business";
				INFOPLIST_KEY_NSPhotoLibraryAddUsageDescription = "This app needs access to your photo library to save screenshots.";
				INFOPLIST_KEY_UIApplicationSupportsIndirectInputEvents = YES;
				INFOPLIST_KEY_UILaunchStoryboardName = LaunchScreen;
				INFOPLIST_KEY_UIMainStoryboardFile = Main;
				INFOPLIST_KEY_UIRequiresFullScreen = YES;
				INFOPLIST_KEY_UISupportedInterfaceOrientations = "UIInterfaceOrientationPortrait UIInterfaceOrientationPortraitUpsideDown";
				IPHONEOS_DEPLOYMENT_TARGET = 14.0;
				LD_RUNPATH_SEARCH_PATHS = (
					"$(inherited)",
					"@executable_path/Frameworks",
				);
				MARKETING_VERSION = 1.0.3;
				PRODUCT_BUNDLE_IDENTIFIER = com.yumiya.pdfsignature;
				PRODUCT_NAME = "$(TARGET_NAME)";
				SWIFT_EMIT_LOC_STRINGS = YES;
				SWIFT_VERSION = 5.0;
				TARGETED_DEVICE_FAMILY = "1,2";
			};
			name = Release;
		};
/* End XCBuildConfiguration section */

/* Begin XCConfigurationList section */
		2B08EAAF2C9AD2C400A593E3 /* Build configuration list for PBXProject "pdfsignature" */ = {
			isa = XCConfigurationList;
			buildConfigurations = (
				2B08EAC62C9AD2C600A593E3 /* Debug */,
				2B08EAC72C9AD2C600A593E3 /* Release */,
			);
			defaultConfigurationIsVisible = 0;
			defaultConfigurationName = Release;
		};
		2B08EAC82C9AD2C600A593E3 /* Build configuration list for PBXNativeTarget "pdfsignature" */ = {
			isa = XCConfigurationList;
			buildConfigurations = (
				2B08EAC92C9AD2C600A593E3 /* Debug */,
				2B08EACA2C9AD2C600A593E3 /* Release */,
			);
			defaultConfigurationIsVisible = 0;
			defaultConfigurationName = Release;
		};
/* End XCConfigurationList section */
	};
	rootObject = 2B08EAAC2C9AD2C400A593E3 /* Project object */;
}
